
Microsoft Visual Studio Solution File, Format Version 12.00
# Visual Studio 15
VisualStudioVersion = 15.0.26730.12
MinimumVisualStudioVersion = 10.0.40219.1
Project("{FAE04EC0-301F-11D3-BF4B-00C04F79EFBC}") = "Wow.Tv.FrontWeb", "Wow.Tv.FrontWeb\Wow.Tv.FrontWeb.csproj", "{92650963-1F44-4F8A-A89D-91B80FEFE58C}"
EndProject
Project("{FAE04EC0-301F-11D3-BF4B-00C04F79EFBC}") = "Wow.Fx", "..\Wow.Tv.Middle\Wow.Fx\Wow.Fx.csproj", "{233041B5-46C7-42A5-99E9-A367683B0F8B}"
EndProject
Project("{2150E333-8FDC-42A3-9474-1A3956D46DE8}") = "Wow.Tv.Middle.Model", "Wow.Tv.Middle.Model", "{D871E21A-B9B8-4061-AFB0-9B7082F0B8ED}"
EndProject
Project("{2150E333-8FDC-42A3-9474-1A3956D46DE8}") = "Db49", "Db49", "{1A32CC91-C719-434B-A0C7-0211939D06B6}"
EndProject
Project("{FAE04EC0-301F-11D3-BF4B-00C04F79EFBC}") = "Wow.Tv.Middle.Model.Db49.wowtv", "..\Wow.Tv.Middle\Wow.Tv.Middle.Model.Db49.wowtv\Wow.Tv.Middle.Model.Db49.wowtv.csproj", "{5F0A7356-AE94-4000-8C6C-0984EAE752BA}"
EndProject
Project("{FAE04EC0-301F-11D3-BF4B-00C04F79EFBC}") = "Wow.Tv.Middle.Model.Common", "..\Wow.Tv.Middle\Wow.Tv.Middle.Model.Common\Wow.Tv.Middle.Model.Common.csproj", "{24D91979-0298-4A67-A1A0-D9A61B95033D}"
EndProject
Project("{FAE04EC0-301F-11D3-BF4B-00C04F79EFBC}") = "Wow.Tv.Middle.Model.Db49.wownet", "..\Wow.Tv.Middle\Wow.Tv.Middle.Model.Db49.wownet\Wow.Tv.Middle.Model.Db49.wownet.csproj", "{8620DBD8-4216-4E47-A23D-49F1E0B0AD0F}"
EndProject
Project("{2150E333-8FDC-42A3-9474-1A3956D46DE8}") = "Db22", "Db22", "{FC3185F0-7928-4BF5-859B-D45AD779A274}"
EndProject
Project("{FAE04EC0-301F-11D3-BF4B-00C04F79EFBC}") = "Wow.Tv.Middle.Model.Db22.stock", "..\Wow.Tv.Middle\Wow.Tv.Middle.Model.Db22.stock\Wow.Tv.Middle.Model.Db22.stock.csproj", "{CD9BBCB3-3264-4FEE-9E28-186772E19CEB}"
EndProject
Project("{2150E333-8FDC-42A3-9474-1A3956D46DE8}") = "Db89", "Db89", "{359B23CA-CE99-492A-ABD4-76BD6D1F0033}"
EndProject
Project("{FAE04EC0-301F-11D3-BF4B-00C04F79EFBC}") = "Wow.Tv.Middle.Model.Db89.wowbill", "..\Wow.Tv.Middle\Wow.Tv.Middle.Model.Db89.wowbill\Wow.Tv.Middle.Model.Db89.wowbill.csproj", "{ACCB1BE6-82A2-4942-A40E-C5108E11E1C0}"
EndProject
Project("{2150E333-8FDC-42A3-9474-1A3956D46DE8}") = "Db35", "Db35", "{B97720DB-5209-4096-8697-8718824A6127}"
EndProject
Project("{FAE04EC0-301F-11D3-BF4B-00C04F79EFBC}") = "Wow.Tv.Middle.Model.Db35.chinaguide", "..\Wow.Tv.Middle\Wow.Tv.Middle.Model.Db35.chinaguide\Wow.Tv.Middle.Model.Db35.chinaguide.csproj", "{6F8E6D6F-F679-4E0B-A503-330AB0D3CAB7}"
EndProject
Project("{FAE04EC0-301F-11D3-BF4B-00C04F79EFBC}") = "Wow.Tv.Middle.Model.Db49.Article", "..\Wow.Tv.Middle\Wow.Tv.Middle.Model.Db49.Article\Wow.Tv.Middle.Model.Db49.Article.csproj", "{11EFCE12-B977-400F-A874-9479CEDD31D2}"
EndProject
Project("{2150E333-8FDC-42A3-9474-1A3956D46DE8}") = "Db90", "Db90", "{006C2B94-8D01-436A-951F-BA6CF0073B5B}"
EndProject
Project("{FAE04EC0-301F-11D3-BF4B-00C04F79EFBC}") = "Wow.Tv.Middle.Model.Db90.DNRS", "..\Wow.Tv.Middle\Wow.Tv.Middle.Model.Db90.DNRS\Wow.Tv.Middle.Model.Db90.DNRS.csproj", "{34C3A7B6-755E-4078-9A2B-E9F148670A64}"
EndProject
Project("{FAE04EC0-301F-11D3-BF4B-00C04F79EFBC}") = "Wow.Tv.Middle.Model.Db49.editVOD", "..\Wow.Tv.Middle\Wow.Tv.Middle.Model.Db49.editVOD\Wow.Tv.Middle.Model.Db49.editVOD.csproj", "{A8415F2F-9BC4-4368-81BC-DDC237A3598B}"
EndProject
Project("{FAE04EC0-301F-11D3-BF4B-00C04F79EFBC}") = "Wow.Tv.Middle.Model.Db49.broadcast", "..\Wow.Tv.Middle\Wow.Tv.Middle.Model.Db49.broadcast\Wow.Tv.Middle.Model.Db49.broadcast.csproj", "{EAFB84B9-FB57-4678-A028-B0F1AE5B8E15}"
EndProject
Project("{FAE04EC0-301F-11D3-BF4B-00C04F79EFBC}") = "Wow.Tv.Middle.Model.Db49.wowcafe", "..\Wow.Tv.Middle\Wow.Tv.Middle.Model.Db49.wowcafe\Wow.Tv.Middle.Model.Db49.wowcafe.csproj", "{E1448316-917F-4F69-9059-0CF91DCBE4DD}"
EndProject
Project("{FAE04EC0-301F-11D3-BF4B-00C04F79EFBC}") = "Wow.Tv.FrontWebMobile", "Wow.Tv.FrontWebMobile\Wow.Tv.FrontWebMobile.csproj", "{312C3942-F612-4399-835E-73BBE023247A}"
EndProject
Project("{2150E333-8FDC-42A3-9474-1A3956D46DE8}") = "Db123", "Db123", "{6B2085E1-50DE-419A-A5D3-DBD9C02F0DDF}"
EndProject
Project("{FAE04EC0-301F-11D3-BF4B-00C04F79EFBC}") = "Wow.Tv.Middle.Model.Db123.WOW4989", "..\Wow.Tv.Middle\Wow.Tv.Middle.Model.Db123.WOW4989\Wow.Tv.Middle.Model.Db123.WOW4989.csproj", "{F5FEF2BC-089E-4C85-A382-91DAA6F2B67A}"
EndProject
Project("{2150E333-8FDC-42A3-9474-1A3956D46DE8}") = "Db16", "Db16", "{ACF56522-4934-42E1-9A1E-65507A4FB310}"
EndProject
Project("{FAE04EC0-301F-11D3-BF4B-00C04F79EFBC}") = "Wow.Tv.Middle.Model.Db16.wowfa", "..\Wow.Tv.Middle\Wow.Tv.Middle.Model.Db16.wowfa\Wow.Tv.Middle.Model.Db16.wowfa.csproj", "{0AA04536-B3EB-426D-A9D2-C5DC885EEAF4}"
EndProject
Project("{FAE04EC0-301F-11D3-BF4B-00C04F79EFBC}") = "Wow.Tv.Middle.Model.Db89.WOWTV_BILL_DB", "..\Wow.Tv.Middle\Wow.Tv.Middle.Model.Db89.WOWTV_BILL_DB\Wow.Tv.Middle.Model.Db89.WOWTV_BILL_DB.csproj", "{8D6D9172-4F25-48D5-8E2B-7C992A4CBF29}"
EndProject
Global
	GlobalSection(SolutionConfigurationPlatforms) = preSolution
		Debug|Any CPU = Debug|Any CPU
		Release|Any CPU = Release|Any CPU
	EndGlobalSection
	GlobalSection(ProjectConfigurationPlatforms) = postSolution
		{92650963-1F44-4F8A-A89D-91B80FEFE58C}.Debug|Any CPU.ActiveCfg = Debug|Any CPU
		{92650963-1F44-4F8A-A89D-91B80FEFE58C}.Debug|Any CPU.Build.0 = Debug|Any CPU
		{92650963-1F44-4F8A-A89D-91B80FEFE58C}.Release|Any CPU.ActiveCfg = Release|Any CPU
		{92650963-1F44-4F8A-A89D-91B80FEFE58C}.Release|Any CPU.Build.0 = Release|Any CPU
		{233041B5-46C7-42A5-99E9-A367683B0F8B}.Debug|Any CPU.ActiveCfg = Debug|Any CPU
		{233041B5-46C7-42A5-99E9-A367683B0F8B}.Debug|Any CPU.Build.0 = Debug|Any CPU
		{233041B5-46C7-42A5-99E9-A367683B0F8B}.Release|Any CPU.ActiveCfg = Release|Any CPU
		{233041B5-46C7-42A5-99E9-A367683B0F8B}.Release|Any CPU.Build.0 = Release|Any CPU
		{5F0A7356-AE94-4000-8C6C-0984EAE752BA}.Debug|Any CPU.ActiveCfg = Debug|Any CPU
		{5F0A7356-AE94-4000-8C6C-0984EAE752BA}.Debug|Any CPU.Build.0 = Debug|Any CPU
		{5F0A7356-AE94-4000-8C6C-0984EAE752BA}.Release|Any CPU.ActiveCfg = Release|Any CPU
		{5F0A7356-AE94-4000-8C6C-0984EAE752BA}.Release|Any CPU.Build.0 = Release|Any CPU
		{24D91979-0298-4A67-A1A0-D9A61B95033D}.Debug|Any CPU.ActiveCfg = Debug|Any CPU
		{24D91979-0298-4A67-A1A0-D9A61B95033D}.Debug|Any CPU.Build.0 = Debug|Any CPU
		{24D91979-0298-4A67-A1A0-D9A61B95033D}.Release|Any CPU.ActiveCfg = Release|Any CPU
		{24D91979-0298-4A67-A1A0-D9A61B95033D}.Release|Any CPU.Build.0 = Release|Any CPU
		{8620DBD8-4216-4E47-A23D-49F1E0B0AD0F}.Debug|Any CPU.ActiveCfg = Debug|Any CPU
		{8620DBD8-4216-4E47-A23D-49F1E0B0AD0F}.Debug|Any CPU.Build.0 = Debug|Any CPU
		{8620DBD8-4216-4E47-A23D-49F1E0B0AD0F}.Release|Any CPU.ActiveCfg = Release|Any CPU
		{8620DBD8-4216-4E47-A23D-49F1E0B0AD0F}.Release|Any CPU.Build.0 = Release|Any CPU
		{CD9BBCB3-3264-4FEE-9E28-186772E19CEB}.Debug|Any CPU.ActiveCfg = Debug|Any CPU
		{CD9BBCB3-3264-4FEE-9E28-186772E19CEB}.Debug|Any CPU.Build.0 = Debug|Any CPU
		{CD9BBCB3-3264-4FEE-9E28-186772E19CEB}.Release|Any CPU.ActiveCfg = Release|Any CPU
		{CD9BBCB3-3264-4FEE-9E28-186772E19CEB}.Release|Any CPU.Build.0 = Release|Any CPU
		{ACCB1BE6-82A2-4942-A40E-C5108E11E1C0}.Debug|Any CPU.ActiveCfg = Debug|Any CPU
		{ACCB1BE6-82A2-4942-A40E-C5108E11E1C0}.Debug|Any CPU.Build.0 = Debug|Any CPU
		{ACCB1BE6-82A2-4942-A40E-C5108E11E1C0}.Release|Any CPU.ActiveCfg = Release|Any CPU
		{ACCB1BE6-82A2-4942-A40E-C5108E11E1C0}.Release|Any CPU.Build.0 = Release|Any CPU
		{6F8E6D6F-F679-4E0B-A503-330AB0D3CAB7}.Debug|Any CPU.ActiveCfg = Debug|Any CPU
		{6F8E6D6F-F679-4E0B-A503-330AB0D3CAB7}.Debug|Any CPU.Build.0 = Debug|Any CPU
		{6F8E6D6F-F679-4E0B-A503-330AB0D3CAB7}.Release|Any CPU.ActiveCfg = Release|Any CPU
		{6F8E6D6F-F679-4E0B-A503-330AB0D3CAB7}.Release|Any CPU.Build.0 = Release|Any CPU
		{11EFCE12-B977-400F-A874-9479CEDD31D2}.Debug|Any CPU.ActiveCfg = Debug|Any CPU
		{11EFCE12-B977-400F-A874-9479CEDD31D2}.Debug|Any CPU.Build.0 = Debug|Any CPU
		{11EFCE12-B977-400F-A874-9479CEDD31D2}.Release|Any CPU.ActiveCfg = Release|Any CPU
		{11EFCE12-B977-400F-A874-9479CEDD31D2}.Release|Any CPU.Build.0 = Release|Any CPU
		{34C3A7B6-755E-4078-9A2B-E9F148670A64}.Debug|Any CPU.ActiveCfg = Debug|Any CPU
		{34C3A7B6-755E-4078-9A2B-E9F148670A64}.Debug|Any CPU.Build.0 = Debug|Any CPU
		{34C3A7B6-755E-4078-9A2B-E9F148670A64}.Release|Any CPU.ActiveCfg = Release|Any CPU
		{34C3A7B6-755E-4078-9A2B-E9F148670A64}.Release|Any CPU.Build.0 = Release|Any CPU
		{A8415F2F-9BC4-4368-81BC-DDC237A3598B}.Debug|Any CPU.ActiveCfg = Debug|Any CPU
		{A8415F2F-9BC4-4368-81BC-DDC237A3598B}.Debug|Any CPU.Build.0 = Debug|Any CPU
		{A8415F2F-9BC4-4368-81BC-DDC237A3598B}.Release|Any CPU.ActiveCfg = Release|Any CPU
		{A8415F2F-9BC4-4368-81BC-DDC237A3598B}.Release|Any CPU.Build.0 = Release|Any CPU
		{EAFB84B9-FB57-4678-A028-B0F1AE5B8E15}.Debug|Any CPU.ActiveCfg = Debug|Any CPU
		{EAFB84B9-FB57-4678-A028-B0F1AE5B8E15}.Debug|Any CPU.Build.0 = Debug|Any CPU
		{EAFB84B9-FB57-4678-A028-B0F1AE5B8E15}.Release|Any CPU.ActiveCfg = Release|Any CPU
		{EAFB84B9-FB57-4678-A028-B0F1AE5B8E15}.Release|Any CPU.Build.0 = Release|Any CPU
		{E1448316-917F-4F69-9059-0CF91DCBE4DD}.Debug|Any CPU.ActiveCfg = Debug|Any CPU
		{E1448316-917F-4F69-9059-0CF91DCBE4DD}.Debug|Any CPU.Build.0 = Debug|Any CPU
		{E1448316-917F-4F69-9059-0CF91DCBE4DD}.Release|Any CPU.ActiveCfg = Release|Any CPU
		{E1448316-917F-4F69-9059-0CF91DCBE4DD}.Release|Any CPU.Build.0 = Release|Any CPU
		{312C3942-F612-4399-835E-73BBE023247A}.Debug|Any CPU.ActiveCfg = Debug|Any CPU
		{312C3942-F612-4399-835E-73BBE023247A}.Debug|Any CPU.Build.0 = Debug|Any CPU
		{312C3942-F612-4399-835E-73BBE023247A}.Release|Any CPU.ActiveCfg = Release|Any CPU
		{312C3942-F612-4399-835E-73BBE023247A}.Release|Any CPU.Build.0 = Release|Any CPU
		{F5FEF2BC-089E-4C85-A382-91DAA6F2B67A}.Debug|Any CPU.ActiveCfg = Debug|Any CPU
		{F5FEF2BC-089E-4C85-A382-91DAA6F2B67A}.Debug|Any CPU.Build.0 = Debug|Any CPU
		{F5FEF2BC-089E-4C85-A382-91DAA6F2B67A}.Release|Any CPU.ActiveCfg = Release|Any CPU
		{F5FEF2BC-089E-4C85-A382-91DAA6F2B67A}.Release|Any CPU.Build.0 = Release|Any CPU
		{0AA04536-B3EB-426D-A9D2-C5DC885EEAF4}.Debug|Any CPU.ActiveCfg = Debug|Any CPU
		{0AA04536-B3EB-426D-A9D2-C5DC885EEAF4}.Debug|Any CPU.Build.0 = Debug|Any CPU
		{0AA04536-B3EB-426D-A9D2-C5DC885EEAF4}.Release|Any CPU.ActiveCfg = Release|Any CPU
		{0AA04536-B3EB-426D-A9D2-C5DC885EEAF4}.Release|Any CPU.Build.0 = Release|Any CPU
		{8D6D9172-4F25-48D5-8E2B-7C992A4CBF29}.Debug|Any CPU.ActiveCfg = Debug|Any CPU
		{8D6D9172-4F25-48D5-8E2B-7C992A4CBF29}.Debug|Any CPU.Build.0 = Debug|Any CPU
		{8D6D9172-4F25-48D5-8E2B-7C992A4CBF29}.Release|Any CPU.ActiveCfg = Release|Any CPU
		{8D6D9172-4F25-48D5-8E2B-7C992A4CBF29}.Release|Any CPU.Build.0 = Release|Any CPU
	EndGlobalSection
	GlobalSection(SolutionProperties) = preSolution
		HideSolutionNode = FALSE
	EndGlobalSection
	GlobalSection(NestedProjects) = preSolution
		{1A32CC91-C719-434B-A0C7-0211939D06B6} = {D871E21A-B9B8-4061-AFB0-9B7082F0B8ED}
		{5F0A7356-AE94-4000-8C6C-0984EAE752BA} = {1A32CC91-C719-434B-A0C7-0211939D06B6}
		{24D91979-0298-4A67-A1A0-D9A61B95033D} = {D871E21A-B9B8-4061-AFB0-9B7082F0B8ED}
		{8620DBD8-4216-4E47-A23D-49F1E0B0AD0F} = {1A32CC91-C719-434B-A0C7-0211939D06B6}
		{FC3185F0-7928-4BF5-859B-D45AD779A274} = {D871E21A-B9B8-4061-AFB0-9B7082F0B8ED}
		{CD9BBCB3-3264-4FEE-9E28-186772E19CEB} = {FC3185F0-7928-4BF5-859B-D45AD779A274}
		{359B23CA-CE99-492A-ABD4-76BD6D1F0033} = {D871E21A-B9B8-4061-AFB0-9B7082F0B8ED}
		{ACCB1BE6-82A2-4942-A40E-C5108E11E1C0} = {359B23CA-CE99-492A-ABD4-76BD6D1F0033}
		{B97720DB-5209-4096-8697-8718824A6127} = {D871E21A-B9B8-4061-AFB0-9B7082F0B8ED}
		{6F8E6D6F-F679-4E0B-A503-330AB0D3CAB7} = {B97720DB-5209-4096-8697-8718824A6127}
		{11EFCE12-B977-400F-A874-9479CEDD31D2} = {1A32CC91-C719-434B-A0C7-0211939D06B6}
		{006C2B94-8D01-436A-951F-BA6CF0073B5B} = {D871E21A-B9B8-4061-AFB0-9B7082F0B8ED}
		{34C3A7B6-755E-4078-9A2B-E9F148670A64} = {006C2B94-8D01-436A-951F-BA6CF0073B5B}
		{A8415F2F-9BC4-4368-81BC-DDC237A3598B} = {1A32CC91-C719-434B-A0C7-0211939D06B6}
		{EAFB84B9-FB57-4678-A028-B0F1AE5B8E15} = {1A32CC91-C719-434B-A0C7-0211939D06B6}
		{E1448316-917F-4F69-9059-0CF91DCBE4DD} = {1A32CC91-C719-434B-A0C7-0211939D06B6}
		{6B2085E1-50DE-419A-A5D3-DBD9C02F0DDF} = {D871E21A-B9B8-4061-AFB0-9B7082F0B8ED}
		{F5FEF2BC-089E-4C85-A382-91DAA6F2B67A} = {6B2085E1-50DE-419A-A5D3-DBD9C02F0DDF}
		{ACF56522-4934-42E1-9A1E-65507A4FB310} = {D871E21A-B9B8-4061-AFB0-9B7082F0B8ED}
		{0AA04536-B3EB-426D-A9D2-C5DC885EEAF4} = {ACF56522-4934-42E1-9A1E-65507A4FB310}
		{8D6D9172-4F25-48D5-8E2B-7C992A4CBF29} = {359B23CA-CE99-492A-ABD4-76BD6D1F0033}
	EndGlobalSection
	GlobalSection(ExtensibilityGlobals) = postSolution
		SolutionGuid = {B06DFE8B-644D-45FD-90CB-DC04BB5F815F}
	EndGlobalSection
EndGlobal
